
Microsoft Visual Studio Solution File, Format Version 12.00
# Visual Studio Version 17
VisualStudioVersion = 17.5.33627.172
MinimumVisualStudioVersion = 10.0.40219.1
Project("{FAE04EC0-301F-11D3-BF4B-00C04F79EFBC}") = "Lab13", "Lab13\Lab13.csproj", "{2B8F2EA2-0286-4C25-BF58-55E49D5BE66A}"
EndProject
Global
	GlobalSection(SolutionConfigurationPlatforms) = preSolution
		Debug|Any CPU = Debug|Any CPU
		Release|Any CPU = Release|Any CPU
	EndGlobalSection
	GlobalSection(ProjectConfigurationPlatforms) = postSolution
		{2B8F2EA2-0286-4C25-BF58-55E49D5BE66A}.Debug|Any CPU.ActiveCfg = Debug|Any CPU
		{2B8F2EA2-0286-4C25-BF58-55E49D5BE66A}.Debug|Any CPU.Build.0 = Debug|Any CPU
		{2B8F2EA2-0286-4C25-BF58-55E49D5BE66A}.Release|Any CPU.ActiveCfg = Release|Any CPU
		{2B8F2EA2-0286-4C25-BF58-55E49D5BE66A}.Release|Any CPU.Build.0 = Release|Any CPU
	EndGlobalSection
	GlobalSection(SolutionProperties) = preSolution
		HideSolutionNode = FALSE
	EndGlobalSection
	GlobalSection(ExtensibilityGlobals) = postSolution
		SolutionGuid = {AA427D81-B58F-4C5D-AFC2-68C2ED2172E0}
	EndGlobalSection
EndGlobal
